// !$*UTF8*$!
{
	archiveVersion = 1;
	classes = {
	};
	objectVersion = 50;
	objects = {

/* Begin PBXBuildFile section */
		5B9B1AD04BA5220CAA61D75D /* Pods_bloomIOSUITests.framework in Frameworks */ = {isa = PBXBuildFile; fileRef = 5D113A0166163C1CC7EDFAB4 /* Pods_bloomIOSUITests.framework */; };
		966FB86F0C2252B3510A42D5 /* Pods_bloomIOSTests.framework in Frameworks */ = {isa = PBXBuildFile; fileRef = C4DFA0B9451043D6E9D43845 /* Pods_bloomIOSTests.framework */; };
		D55A10888C6EE8E4A4317AAF /* Pods_bloomIOS.framework in Frameworks */ = {isa = PBXBuildFile; fileRef = 37FE351908E06EC756524A6F /* Pods_bloomIOS.framework */; };
		F90ED9142271F05B00B082B9 /* TicketServices.swift in Sources */ = {isa = PBXBuildFile; fileRef = F90ED9132271F05B00B082B9 /* TicketServices.swift */; };
		F92C9793225675500077B7CE /* EventCollectionViewCell.swift in Sources */ = {isa = PBXBuildFile; fileRef = F92C97912256754F0077B7CE /* EventCollectionViewCell.swift */; };
		F92C9794225675500077B7CE /* EventCollectionViewCell.xib in Resources */ = {isa = PBXBuildFile; fileRef = F92C9792225675500077B7CE /* EventCollectionViewCell.xib */; };
		F932EFD222D1EF4300CE1D81 /* AllEventsResumeViewController.swift in Sources */ = {isa = PBXBuildFile; fileRef = F932EFD022D1EF4300CE1D81 /* AllEventsResumeViewController.swift */; };
		F932EFD322D1EF4300CE1D81 /* AllEventsResumeViewController.xib in Resources */ = {isa = PBXBuildFile; fileRef = F932EFD122D1EF4300CE1D81 /* AllEventsResumeViewController.xib */; };
		F93BFAAA22A19C3600CD4DD1 /* PromotionalCode.swift in Sources */ = {isa = PBXBuildFile; fileRef = F93BFAA922A19C3600CD4DD1 /* PromotionalCode.swift */; };
		F953A424225F34C400713022 /* LoginViewController.swift in Sources */ = {isa = PBXBuildFile; fileRef = F953A422225F34C400713022 /* LoginViewController.swift */; };
		F953A425225F34C400713022 /* LoginViewController.xib in Resources */ = {isa = PBXBuildFile; fileRef = F953A423225F34C400713022 /* LoginViewController.xib */; };
		F953A429225F3FE900713022 /* AddTicketsViewController.swift in Sources */ = {isa = PBXBuildFile; fileRef = F953A427225F3FE900713022 /* AddTicketsViewController.swift */; };
		F953A42A225F3FE900713022 /* AddTicketsViewController.xib in Resources */ = {isa = PBXBuildFile; fileRef = F953A428225F3FE900713022 /* AddTicketsViewController.xib */; };
		F963D3BC2280241A001EB3B7 /* RegisterViewController.swift in Sources */ = {isa = PBXBuildFile; fileRef = F963D3BA2280241A001EB3B7 /* RegisterViewController.swift */; };
		F963D3BD2280241A001EB3B7 /* RegisterViewController.xib in Resources */ = {isa = PBXBuildFile; fileRef = F963D3BB2280241A001EB3B7 /* RegisterViewController.xib */; };
		F963D3C122802C9A001EB3B7 /* RegisterServices.swift in Sources */ = {isa = PBXBuildFile; fileRef = F963D3C022802C9A001EB3B7 /* RegisterServices.swift */; };
		F963D3C322803F8A001EB3B7 /* LoginServices.swift in Sources */ = {isa = PBXBuildFile; fileRef = F963D3C222803F8A001EB3B7 /* LoginServices.swift */; };
		F96662B022511166008850A4 /* AppDelegate.swift in Sources */ = {isa = PBXBuildFile; fileRef = F96662AF22511166008850A4 /* AppDelegate.swift */; };
		F96662B722511167008850A4 /* Assets.xcassets in Resources */ = {isa = PBXBuildFile; fileRef = F96662B622511167008850A4 /* Assets.xcassets */; };
		F96662BA22511167008850A4 /* LaunchScreen.storyboard in Resources */ = {isa = PBXBuildFile; fileRef = F96662B822511167008850A4 /* LaunchScreen.storyboard */; };
		F96662C522511168008850A4 /* bloomIOSTests.swift in Sources */ = {isa = PBXBuildFile; fileRef = F96662C422511168008850A4 /* bloomIOSTests.swift */; };
		F96662D022511168008850A4 /* bloomIOSUITests.swift in Sources */ = {isa = PBXBuildFile; fileRef = F96662CF22511168008850A4 /* bloomIOSUITests.swift */; };
		F96662DF22511208008850A4 /* EventViewController.swift in Sources */ = {isa = PBXBuildFile; fileRef = F96662DD22511208008850A4 /* EventViewController.swift */; };
		F96662E3225113E4008850A4 /* AddEventViewController.swift in Sources */ = {isa = PBXBuildFile; fileRef = F96662E1225113E4008850A4 /* AddEventViewController.swift */; };
		F96662E4225113E4008850A4 /* AddEventViewController.xib in Resources */ = {isa = PBXBuildFile; fileRef = F96662E2225113E4008850A4 /* AddEventViewController.xib */; };
		F96662E62251198D008850A4 /* EventViewController.xib in Resources */ = {isa = PBXBuildFile; fileRef = F96662E52251198D008850A4 /* EventViewController.xib */; };
		F96662EB225126AC008850A4 /* EventServices.swift in Sources */ = {isa = PBXBuildFile; fileRef = F96662EA225126AC008850A4 /* EventServices.swift */; };
		F96662EE22512F87008850A4 /* Event.swift in Sources */ = {isa = PBXBuildFile; fileRef = F96662ED22512F87008850A4 /* Event.swift */; };
		F9AB088D2285801F00DD07ED /* AccountListViewController.swift in Sources */ = {isa = PBXBuildFile; fileRef = F9AB088B2285801F00DD07ED /* AccountListViewController.swift */; };
		F9AB088E2285801F00DD07ED /* AccountListViewController.xib in Resources */ = {isa = PBXBuildFile; fileRef = F9AB088C2285801F00DD07ED /* AccountListViewController.xib */; };
		F9AB08912285BC2C00DD07ED /* PersonnalInformationsViewController.swift in Sources */ = {isa = PBXBuildFile; fileRef = F9AB088F2285BC2C00DD07ED /* PersonnalInformationsViewController.swift */; };
		F9AB08922285BC2C00DD07ED /* PersonnalInformationsViewController.xib in Resources */ = {isa = PBXBuildFile; fileRef = F9AB08902285BC2C00DD07ED /* PersonnalInformationsViewController.xib */; };
		F9AB08A92285D4EE00DD07ED /* AccountServices.swift in Sources */ = {isa = PBXBuildFile; fileRef = F9AB08A82285D4EE00DD07ED /* AccountServices.swift */; };
		F9AB08AB2285D7B900DD07ED /* Manager.swift in Sources */ = {isa = PBXBuildFile; fileRef = F9AB08AA2285D7B900DD07ED /* Manager.swift */; };
		F9E3C53122609B1600CFBCB9 /* AddTicketFormViewController.swift in Sources */ = {isa = PBXBuildFile; fileRef = F9E3C52F22609B1600CFBCB9 /* AddTicketFormViewController.swift */; };
		F9E3C53222609B1600CFBCB9 /* AddTicketFormViewController.xib in Resources */ = {isa = PBXBuildFile; fileRef = F9E3C53022609B1600CFBCB9 /* AddTicketFormViewController.xib */; };
		F9E3C53522609B8C00CFBCB9 /* TicketTableViewCell.swift in Sources */ = {isa = PBXBuildFile; fileRef = F9E3C53322609B8C00CFBCB9 /* TicketTableViewCell.swift */; };
		F9E3C53622609B8C00CFBCB9 /* TicketTableViewCell.xib in Resources */ = {isa = PBXBuildFile; fileRef = F9E3C53422609B8C00CFBCB9 /* TicketTableViewCell.xib */; };
		F9E3C53822609FB000CFBCB9 /* Ticket.swift in Sources */ = {isa = PBXBuildFile; fileRef = F9E3C53722609FB000CFBCB9 /* Ticket.swift */; };
/* End PBXBuildFile section */

/* Begin PBXContainerItemProxy section */
		F96662C122511168008850A4 /* PBXContainerItemProxy */ = {
			isa = PBXContainerItemProxy;
			containerPortal = F96662A422511166008850A4 /* Project object */;
			proxyType = 1;
			remoteGlobalIDString = F96662AB22511166008850A4;
			remoteInfo = bloomIOS;
		};
		F96662CC22511168008850A4 /* PBXContainerItemProxy */ = {
			isa = PBXContainerItemProxy;
			containerPortal = F96662A422511166008850A4 /* Project object */;
			proxyType = 1;
			remoteGlobalIDString = F96662AB22511166008850A4;
			remoteInfo = bloomIOS;
		};
/* End PBXContainerItemProxy section */

/* Begin PBXFileReference section */
		22686364C0ACC360985FC8B1 /* Pods-bloomIOSUITests.debug.xcconfig */ = {isa = PBXFileReference; includeInIndex = 1; lastKnownFileType = text.xcconfig; name = "Pods-bloomIOSUITests.debug.xcconfig"; path = "Target Support Files/Pods-bloomIOSUITests/Pods-bloomIOSUITests.debug.xcconfig"; sourceTree = "<group>"; };
		37FE351908E06EC756524A6F /* Pods_bloomIOS.framework */ = {isa = PBXFileReference; explicitFileType = wrapper.framework; includeInIndex = 0; path = Pods_bloomIOS.framework; sourceTree = BUILT_PRODUCTS_DIR; };
		43309D01AE120CF2C48E128F /* Pods-bloomIOSTests.release.xcconfig */ = {isa = PBXFileReference; includeInIndex = 1; lastKnownFileType = text.xcconfig; name = "Pods-bloomIOSTests.release.xcconfig"; path = "Target Support Files/Pods-bloomIOSTests/Pods-bloomIOSTests.release.xcconfig"; sourceTree = "<group>"; };
		5651001B1370A48754BF0116 /* Pods-bloomIOSUITests.release.xcconfig */ = {isa = PBXFileReference; includeInIndex = 1; lastKnownFileType = text.xcconfig; name = "Pods-bloomIOSUITests.release.xcconfig"; path = "Target Support Files/Pods-bloomIOSUITests/Pods-bloomIOSUITests.release.xcconfig"; sourceTree = "<group>"; };
		5D113A0166163C1CC7EDFAB4 /* Pods_bloomIOSUITests.framework */ = {isa = PBXFileReference; explicitFileType = wrapper.framework; includeInIndex = 0; path = Pods_bloomIOSUITests.framework; sourceTree = BUILT_PRODUCTS_DIR; };
		9C85F92A11298B4B1B19FF03 /* Pods-bloomIOSTests.debug.xcconfig */ = {isa = PBXFileReference; includeInIndex = 1; lastKnownFileType = text.xcconfig; name = "Pods-bloomIOSTests.debug.xcconfig"; path = "Target Support Files/Pods-bloomIOSTests/Pods-bloomIOSTests.debug.xcconfig"; sourceTree = "<group>"; };
		C4DFA0B9451043D6E9D43845 /* Pods_bloomIOSTests.framework */ = {isa = PBXFileReference; explicitFileType = wrapper.framework; includeInIndex = 0; path = Pods_bloomIOSTests.framework; sourceTree = BUILT_PRODUCTS_DIR; };
		D949A88E316A3F74E226E10E /* Pods-bloomIOS.debug.xcconfig */ = {isa = PBXFileReference; includeInIndex = 1; lastKnownFileType = text.xcconfig; name = "Pods-bloomIOS.debug.xcconfig"; path = "Target Support Files/Pods-bloomIOS/Pods-bloomIOS.debug.xcconfig"; sourceTree = "<group>"; };
		F543821B819254DD3D384A42 /* Pods-bloomIOS.release.xcconfig */ = {isa = PBXFileReference; includeInIndex = 1; lastKnownFileType = text.xcconfig; name = "Pods-bloomIOS.release.xcconfig"; path = "Target Support Files/Pods-bloomIOS/Pods-bloomIOS.release.xcconfig"; sourceTree = "<group>"; };
		F90ED9132271F05B00B082B9 /* TicketServices.swift */ = {isa = PBXFileReference; lastKnownFileType = sourcecode.swift; path = TicketServices.swift; sourceTree = "<group>"; };
		F92C97912256754F0077B7CE /* EventCollectionViewCell.swift */ = {isa = PBXFileReference; lastKnownFileType = sourcecode.swift; path = EventCollectionViewCell.swift; sourceTree = "<group>"; };
		F92C9792225675500077B7CE /* EventCollectionViewCell.xib */ = {isa = PBXFileReference; lastKnownFileType = file.xib; path = EventCollectionViewCell.xib; sourceTree = "<group>"; };
		F932EFD022D1EF4300CE1D81 /* AllEventsResumeViewController.swift */ = {isa = PBXFileReference; lastKnownFileType = sourcecode.swift; path = AllEventsResumeViewController.swift; sourceTree = "<group>"; };
		F932EFD122D1EF4300CE1D81 /* AllEventsResumeViewController.xib */ = {isa = PBXFileReference; lastKnownFileType = file.xib; path = AllEventsResumeViewController.xib; sourceTree = "<group>"; };
		F93BFAA922A19C3600CD4DD1 /* PromotionalCode.swift */ = {isa = PBXFileReference; lastKnownFileType = sourcecode.swift; path = PromotionalCode.swift; sourceTree = "<group>"; };
		F953A422225F34C400713022 /* LoginViewController.swift */ = {isa = PBXFileReference; lastKnownFileType = sourcecode.swift; path = LoginViewController.swift; sourceTree = "<group>"; };
		F953A423225F34C400713022 /* LoginViewController.xib */ = {isa = PBXFileReference; lastKnownFileType = file.xib; path = LoginViewController.xib; sourceTree = "<group>"; };
		F953A427225F3FE900713022 /* AddTicketsViewController.swift */ = {isa = PBXFileReference; lastKnownFileType = sourcecode.swift; path = AddTicketsViewController.swift; sourceTree = "<group>"; };
		F953A428225F3FE900713022 /* AddTicketsViewController.xib */ = {isa = PBXFileReference; lastKnownFileType = file.xib; path = AddTicketsViewController.xib; sourceTree = "<group>"; };
		F963D3BA2280241A001EB3B7 /* RegisterViewController.swift */ = {isa = PBXFileReference; lastKnownFileType = sourcecode.swift; path = RegisterViewController.swift; sourceTree = "<group>"; };
		F963D3BB2280241A001EB3B7 /* RegisterViewController.xib */ = {isa = PBXFileReference; lastKnownFileType = file.xib; path = RegisterViewController.xib; sourceTree = "<group>"; };
		F963D3C022802C9A001EB3B7 /* RegisterServices.swift */ = {isa = PBXFileReference; lastKnownFileType = sourcecode.swift; path = RegisterServices.swift; sourceTree = "<group>"; };
		F963D3C222803F8A001EB3B7 /* LoginServices.swift */ = {isa = PBXFileReference; lastKnownFileType = sourcecode.swift; path = LoginServices.swift; sourceTree = "<group>"; };
		F96662AC22511166008850A4 /* bloomIOS.app */ = {isa = PBXFileReference; explicitFileType = wrapper.application; includeInIndex = 0; path = bloomIOS.app; sourceTree = BUILT_PRODUCTS_DIR; };
		F96662AF22511166008850A4 /* AppDelegate.swift */ = {isa = PBXFileReference; lastKnownFileType = sourcecode.swift; path = AppDelegate.swift; sourceTree = "<group>"; };
		F96662B622511167008850A4 /* Assets.xcassets */ = {isa = PBXFileReference; lastKnownFileType = folder.assetcatalog; path = Assets.xcassets; sourceTree = "<group>"; };
		F96662B922511167008850A4 /* Base */ = {isa = PBXFileReference; lastKnownFileType = file.storyboard; name = Base; path = Base.lproj/LaunchScreen.storyboard; sourceTree = "<group>"; };
		F96662BB22511167008850A4 /* Info.plist */ = {isa = PBXFileReference; lastKnownFileType = text.plist.xml; path = Info.plist; sourceTree = "<group>"; };
		F96662C022511168008850A4 /* bloomIOSTests.xctest */ = {isa = PBXFileReference; explicitFileType = wrapper.cfbundle; includeInIndex = 0; path = bloomIOSTests.xctest; sourceTree = BUILT_PRODUCTS_DIR; };
		F96662C422511168008850A4 /* bloomIOSTests.swift */ = {isa = PBXFileReference; lastKnownFileType = sourcecode.swift; path = bloomIOSTests.swift; sourceTree = "<group>"; };
		F96662C622511168008850A4 /* Info.plist */ = {isa = PBXFileReference; lastKnownFileType = text.plist.xml; path = Info.plist; sourceTree = "<group>"; };
		F96662CB22511168008850A4 /* bloomIOSUITests.xctest */ = {isa = PBXFileReference; explicitFileType = wrapper.cfbundle; includeInIndex = 0; path = bloomIOSUITests.xctest; sourceTree = BUILT_PRODUCTS_DIR; };
		F96662CF22511168008850A4 /* bloomIOSUITests.swift */ = {isa = PBXFileReference; lastKnownFileType = sourcecode.swift; path = bloomIOSUITests.swift; sourceTree = "<group>"; };
		F96662D122511168008850A4 /* Info.plist */ = {isa = PBXFileReference; lastKnownFileType = text.plist.xml; path = Info.plist; sourceTree = "<group>"; };
		F96662DD22511208008850A4 /* EventViewController.swift */ = {isa = PBXFileReference; lastKnownFileType = sourcecode.swift; path = EventViewController.swift; sourceTree = "<group>"; };
		F96662E1225113E4008850A4 /* AddEventViewController.swift */ = {isa = PBXFileReference; lastKnownFileType = sourcecode.swift; path = AddEventViewController.swift; sourceTree = "<group>"; };
		F96662E2225113E4008850A4 /* AddEventViewController.xib */ = {isa = PBXFileReference; lastKnownFileType = file.xib; path = AddEventViewController.xib; sourceTree = "<group>"; };
		F96662E52251198D008850A4 /* EventViewController.xib */ = {isa = PBXFileReference; fileEncoding = 4; lastKnownFileType = file.xib; path = EventViewController.xib; sourceTree = "<group>"; };
		F96662EA225126AC008850A4 /* EventServices.swift */ = {isa = PBXFileReference; lastKnownFileType = sourcecode.swift; path = EventServices.swift; sourceTree = "<group>"; };
		F96662ED22512F87008850A4 /* Event.swift */ = {isa = PBXFileReference; lastKnownFileType = sourcecode.swift; path = Event.swift; sourceTree = "<group>"; };
		F9AB088B2285801F00DD07ED /* AccountListViewController.swift */ = {isa = PBXFileReference; lastKnownFileType = sourcecode.swift; path = AccountListViewController.swift; sourceTree = "<group>"; };
		F9AB088C2285801F00DD07ED /* AccountListViewController.xib */ = {isa = PBXFileReference; lastKnownFileType = file.xib; path = AccountListViewController.xib; sourceTree = "<group>"; };
		F9AB088F2285BC2C00DD07ED /* PersonnalInformationsViewController.swift */ = {isa = PBXFileReference; lastKnownFileType = sourcecode.swift; path = PersonnalInformationsViewController.swift; sourceTree = "<group>"; };
		F9AB08902285BC2C00DD07ED /* PersonnalInformationsViewController.xib */ = {isa = PBXFileReference; lastKnownFileType = file.xib; path = PersonnalInformationsViewController.xib; sourceTree = "<group>"; };
		F9AB08A82285D4EE00DD07ED /* AccountServices.swift */ = {isa = PBXFileReference; lastKnownFileType = sourcecode.swift; path = AccountServices.swift; sourceTree = "<group>"; };
		F9AB08AA2285D7B900DD07ED /* Manager.swift */ = {isa = PBXFileReference; lastKnownFileType = sourcecode.swift; path = Manager.swift; sourceTree = "<group>"; };
		F9E3C52F22609B1600CFBCB9 /* AddTicketFormViewController.swift */ = {isa = PBXFileReference; lastKnownFileType = sourcecode.swift; path = AddTicketFormViewController.swift; sourceTree = "<group>"; };
		F9E3C53022609B1600CFBCB9 /* AddTicketFormViewController.xib */ = {isa = PBXFileReference; lastKnownFileType = file.xib; path = AddTicketFormViewController.xib; sourceTree = "<group>"; };
		F9E3C53322609B8C00CFBCB9 /* TicketTableViewCell.swift */ = {isa = PBXFileReference; lastKnownFileType = sourcecode.swift; path = TicketTableViewCell.swift; sourceTree = "<group>"; };
		F9E3C53422609B8C00CFBCB9 /* TicketTableViewCell.xib */ = {isa = PBXFileReference; lastKnownFileType = file.xib; path = TicketTableViewCell.xib; sourceTree = "<group>"; };
		F9E3C53722609FB000CFBCB9 /* Ticket.swift */ = {isa = PBXFileReference; lastKnownFileType = sourcecode.swift; path = Ticket.swift; sourceTree = "<group>"; };
/* End PBXFileReference section */

/* Begin PBXFrameworksBuildPhase section */
		F96662A922511166008850A4 /* Frameworks */ = {
			isa = PBXFrameworksBuildPhase;
			buildActionMask = 2147483647;
			files = (
				D55A10888C6EE8E4A4317AAF /* Pods_bloomIOS.framework in Frameworks */,
			);
			runOnlyForDeploymentPostprocessing = 0;
		};
		F96662BD22511168008850A4 /* Frameworks */ = {
			isa = PBXFrameworksBuildPhase;
			buildActionMask = 2147483647;
			files = (
				966FB86F0C2252B3510A42D5 /* Pods_bloomIOSTests.framework in Frameworks */,
			);
			runOnlyForDeploymentPostprocessing = 0;
		};
		F96662C822511168008850A4 /* Frameworks */ = {
			isa = PBXFrameworksBuildPhase;
			buildActionMask = 2147483647;
			files = (
				5B9B1AD04BA5220CAA61D75D /* Pods_bloomIOSUITests.framework in Frameworks */,
			);
			runOnlyForDeploymentPostprocessing = 0;
		};
/* End PBXFrameworksBuildPhase section */

/* Begin PBXGroup section */
		40196AD02A10EC3D20E913FC /* Frameworks */ = {
			isa = PBXGroup;
			children = (
				37FE351908E06EC756524A6F /* Pods_bloomIOS.framework */,
				C4DFA0B9451043D6E9D43845 /* Pods_bloomIOSTests.framework */,
				5D113A0166163C1CC7EDFAB4 /* Pods_bloomIOSUITests.framework */,
			);
			name = Frameworks;
			sourceTree = "<group>";
		};
		F67A496A59988280141EAF10 /* Pods */ = {
			isa = PBXGroup;
			children = (
				D949A88E316A3F74E226E10E /* Pods-bloomIOS.debug.xcconfig */,
				F543821B819254DD3D384A42 /* Pods-bloomIOS.release.xcconfig */,
				9C85F92A11298B4B1B19FF03 /* Pods-bloomIOSTests.debug.xcconfig */,
				43309D01AE120CF2C48E128F /* Pods-bloomIOSTests.release.xcconfig */,
				22686364C0ACC360985FC8B1 /* Pods-bloomIOSUITests.debug.xcconfig */,
				5651001B1370A48754BF0116 /* Pods-bloomIOSUITests.release.xcconfig */,
			);
			path = Pods;
			sourceTree = "<group>";
		};
		F953A421225F34B700713022 /* Login */ = {
			isa = PBXGroup;
			children = (
				F953A422225F34C400713022 /* LoginViewController.swift */,
				F953A423225F34C400713022 /* LoginViewController.xib */,
				F963D3BA2280241A001EB3B7 /* RegisterViewController.swift */,
				F963D3BB2280241A001EB3B7 /* RegisterViewController.xib */,
			);
			path = Login;
			sourceTree = "<group>";
		};
		F953A426225F3FD600713022 /* Tickets */ = {
			isa = PBXGroup;
			children = (
				F953A427225F3FE900713022 /* AddTicketsViewController.swift */,
				F953A428225F3FE900713022 /* AddTicketsViewController.xib */,
				F9E3C52F22609B1600CFBCB9 /* AddTicketFormViewController.swift */,
				F9E3C53022609B1600CFBCB9 /* AddTicketFormViewController.xib */,
				F9E3C53322609B8C00CFBCB9 /* TicketTableViewCell.swift */,
				F9E3C53422609B8C00CFBCB9 /* TicketTableViewCell.xib */,
			);
			path = Tickets;
			sourceTree = "<group>";
		};
		F96662A322511166008850A4 = {
			isa = PBXGroup;
			children = (
				F96662AE22511166008850A4 /* bloomIOS */,
				F96662C322511168008850A4 /* bloomIOSTests */,
				F96662CE22511168008850A4 /* bloomIOSUITests */,
				F96662AD22511166008850A4 /* Products */,
				F67A496A59988280141EAF10 /* Pods */,
				40196AD02A10EC3D20E913FC /* Frameworks */,
			);
			sourceTree = "<group>";
		};
		F96662AD22511166008850A4 /* Products */ = {
			isa = PBXGroup;
			children = (
				F96662AC22511166008850A4 /* bloomIOS.app */,
				F96662C022511168008850A4 /* bloomIOSTests.xctest */,
				F96662CB22511168008850A4 /* bloomIOSUITests.xctest */,
			);
			name = Products;
			sourceTree = "<group>";
		};
		F96662AE22511166008850A4 /* bloomIOS */ = {
			isa = PBXGroup;
			children = (
				F96662EC22512F77008850A4 /* Models */,
				F96662E822512682008850A4 /* Scenes */,
				F96662E72251267A008850A4 /* Services */,
				F96662AF22511166008850A4 /* AppDelegate.swift */,
				F96662B622511167008850A4 /* Assets.xcassets */,
				F96662B822511167008850A4 /* LaunchScreen.storyboard */,
				F96662BB22511167008850A4 /* Info.plist */,
			);
			path = bloomIOS;
			sourceTree = "<group>";
		};
		F96662C322511168008850A4 /* bloomIOSTests */ = {
			isa = PBXGroup;
			children = (
				F96662C422511168008850A4 /* bloomIOSTests.swift */,
				F96662C622511168008850A4 /* Info.plist */,
			);
			path = bloomIOSTests;
			sourceTree = "<group>";
		};
		F96662CE22511168008850A4 /* bloomIOSUITests */ = {
			isa = PBXGroup;
			children = (
				F96662CF22511168008850A4 /* bloomIOSUITests.swift */,
				F96662D122511168008850A4 /* Info.plist */,
			);
			path = bloomIOSUITests;
			sourceTree = "<group>";
		};
		F96662E72251267A008850A4 /* Services */ = {
			isa = PBXGroup;
			children = (
				F96662EA225126AC008850A4 /* EventServices.swift */,
				F90ED9132271F05B00B082B9 /* TicketServices.swift */,
				F963D3C022802C9A001EB3B7 /* RegisterServices.swift */,
				F963D3C222803F8A001EB3B7 /* LoginServices.swift */,
				F9AB08A82285D4EE00DD07ED /* AccountServices.swift */,
			);
			path = Services;
			sourceTree = "<group>";
		};
		F96662E822512682008850A4 /* Scenes */ = {
			isa = PBXGroup;
			children = (
				F9AB088A2285800100DD07ED /* Account */,
				F953A426225F3FD600713022 /* Tickets */,
				F953A421225F34B700713022 /* Login */,
				F96662E922512698008850A4 /* Events */,
			);
			path = Scenes;
			sourceTree = "<group>";
		};
		F96662E922512698008850A4 /* Events */ = {
			isa = PBXGroup;
			children = (
				F96662DD22511208008850A4 /* EventViewController.swift */,
				F96662E52251198D008850A4 /* EventViewController.xib */,
				F96662E1225113E4008850A4 /* AddEventViewController.swift */,
				F96662E2225113E4008850A4 /* AddEventViewController.xib */,
				F92C97912256754F0077B7CE /* EventCollectionViewCell.swift */,
				F92C9792225675500077B7CE /* EventCollectionViewCell.xib */,
				F932EFD022D1EF4300CE1D81 /* AllEventsResumeViewController.swift */,
				F932EFD122D1EF4300CE1D81 /* AllEventsResumeViewController.xib */,
			);
			path = Events;
			sourceTree = "<group>";
		};
		F96662EC22512F77008850A4 /* Models */ = {
			isa = PBXGroup;
			children = (
				F96662ED22512F87008850A4 /* Event.swift */,
				F9E3C53722609FB000CFBCB9 /* Ticket.swift */,
				F9AB08AA2285D7B900DD07ED /* Manager.swift */,
				F93BFAA922A19C3600CD4DD1 /* PromotionalCode.swift */,
			);
			path = Models;
			sourceTree = "<group>";
		};
		F9AB088A2285800100DD07ED /* Account */ = {
			isa = PBXGroup;
			children = (
				F9AB088B2285801F00DD07ED /* AccountListViewController.swift */,
				F9AB088C2285801F00DD07ED /* AccountListViewController.xib */,
				F9AB088F2285BC2C00DD07ED /* PersonnalInformationsViewController.swift */,
				F9AB08902285BC2C00DD07ED /* PersonnalInformationsViewController.xib */,
			);
			path = Account;
			sourceTree = "<group>";
		};
/* End PBXGroup section */

/* Begin PBXNativeTarget section */
		F96662AB22511166008850A4 /* bloomIOS */ = {
			isa = PBXNativeTarget;
			buildConfigurationList = F96662D422511168008850A4 /* Build configuration list for PBXNativeTarget "bloomIOS" */;
			buildPhases = (
				A9ED22914A16F7E38834C422 /* [CP] Check Pods Manifest.lock */,
				F96662A822511166008850A4 /* Sources */,
				F96662A922511166008850A4 /* Frameworks */,
				F96662AA22511166008850A4 /* Resources */,
				A903F0BD2E3C2ABB5898D9A4 /* [CP] Embed Pods Frameworks */,
			);
			buildRules = (
			);
			dependencies = (
			);
			name = bloomIOS;
			productName = bloomIOS;
			productReference = F96662AC22511166008850A4 /* bloomIOS.app */;
			productType = "com.apple.product-type.application";
		};
		F96662BF22511168008850A4 /* bloomIOSTests */ = {
			isa = PBXNativeTarget;
			buildConfigurationList = F96662D722511168008850A4 /* Build configuration list for PBXNativeTarget "bloomIOSTests" */;
			buildPhases = (
				A09DB5771E9988029475F060 /* [CP] Check Pods Manifest.lock */,
				F96662BC22511168008850A4 /* Sources */,
				F96662BD22511168008850A4 /* Frameworks */,
				F96662BE22511168008850A4 /* Resources */,
			);
			buildRules = (
			);
			dependencies = (
				F96662C222511168008850A4 /* PBXTargetDependency */,
			);
			name = bloomIOSTests;
			productName = bloomIOSTests;
			productReference = F96662C022511168008850A4 /* bloomIOSTests.xctest */;
			productType = "com.apple.product-type.bundle.unit-test";
		};
		F96662CA22511168008850A4 /* bloomIOSUITests */ = {
			isa = PBXNativeTarget;
			buildConfigurationList = F96662DA22511168008850A4 /* Build configuration list for PBXNativeTarget "bloomIOSUITests" */;
			buildPhases = (
				13451311AE7BB50E38E13FBD /* [CP] Check Pods Manifest.lock */,
				F96662C722511168008850A4 /* Sources */,
				F96662C822511168008850A4 /* Frameworks */,
				F96662C922511168008850A4 /* Resources */,
			);
			buildRules = (
			);
			dependencies = (
				F96662CD22511168008850A4 /* PBXTargetDependency */,
			);
			name = bloomIOSUITests;
			productName = bloomIOSUITests;
			productReference = F96662CB22511168008850A4 /* bloomIOSUITests.xctest */;
			productType = "com.apple.product-type.bundle.ui-testing";
		};
/* End PBXNativeTarget section */

/* Begin PBXProject section */
		F96662A422511166008850A4 /* Project object */ = {
			isa = PBXProject;
			attributes = {
				LastSwiftUpdateCheck = 1010;
				LastUpgradeCheck = 1010;
				ORGANIZATIONNAME = "Tristan Luong";
				TargetAttributes = {
					F96662AB22511166008850A4 = {
						CreatedOnToolsVersion = 10.1;
					};
					F96662BF22511168008850A4 = {
						CreatedOnToolsVersion = 10.1;
						TestTargetID = F96662AB22511166008850A4;
					};
					F96662CA22511168008850A4 = {
						CreatedOnToolsVersion = 10.1;
						TestTargetID = F96662AB22511166008850A4;
					};
				};
			};
			buildConfigurationList = F96662A722511166008850A4 /* Build configuration list for PBXProject "bloomIOS" */;
			compatibilityVersion = "Xcode 9.3";
			developmentRegion = en;
			hasScannedForEncodings = 0;
			knownRegions = (
				en,
				Base,
			);
			mainGroup = F96662A322511166008850A4;
			productRefGroup = F96662AD22511166008850A4 /* Products */;
			projectDirPath = "";
			projectRoot = "";
			targets = (
				F96662AB22511166008850A4 /* bloomIOS */,
				F96662BF22511168008850A4 /* bloomIOSTests */,
				F96662CA22511168008850A4 /* bloomIOSUITests */,
			);
		};
/* End PBXProject section */

/* Begin PBXResourcesBuildPhase section */
		F96662AA22511166008850A4 /* Resources */ = {
			isa = PBXResourcesBuildPhase;
			buildActionMask = 2147483647;
			files = (
				F96662BA22511167008850A4 /* LaunchScreen.storyboard in Resources */,
				F96662E62251198D008850A4 /* EventViewController.xib in Resources */,
				F9AB08922285BC2C00DD07ED /* PersonnalInformationsViewController.xib in Resources */,
				F96662E4225113E4008850A4 /* AddEventViewController.xib in Resources */,
				F9E3C53222609B1600CFBCB9 /* AddTicketFormViewController.xib in Resources */,
				F953A42A225F3FE900713022 /* AddTicketsViewController.xib in Resources */,
				F932EFD322D1EF4300CE1D81 /* AllEventsResumeViewController.xib in Resources */,
				F9AB088E2285801F00DD07ED /* AccountListViewController.xib in Resources */,
				F96662B722511167008850A4 /* Assets.xcassets in Resources */,
				F9E3C53622609B8C00CFBCB9 /* TicketTableViewCell.xib in Resources */,
				F953A425225F34C400713022 /* LoginViewController.xib in Resources */,
				F92C9794225675500077B7CE /* EventCollectionViewCell.xib in Resources */,
				F963D3BD2280241A001EB3B7 /* RegisterViewController.xib in Resources */,
			);
			runOnlyForDeploymentPostprocessing = 0;
		};
		F96662BE22511168008850A4 /* Resources */ = {
			isa = PBXResourcesBuildPhase;
			buildActionMask = 2147483647;
			files = (
			);
			runOnlyForDeploymentPostprocessing = 0;
		};
		F96662C922511168008850A4 /* Resources */ = {
			isa = PBXResourcesBuildPhase;
			buildActionMask = 2147483647;
			files = (
			);
			runOnlyForDeploymentPostprocessing = 0;
		};
/* End PBXResourcesBuildPhase section */

/* Begin PBXShellScriptBuildPhase section */
		13451311AE7BB50E38E13FBD /* [CP] Check Pods Manifest.lock */ = {
			isa = PBXShellScriptBuildPhase;
			buildActionMask = 2147483647;
			files = (
			);
			inputFileListPaths = (
			);
			inputPaths = (
				"${PODS_PODFILE_DIR_PATH}/Podfile.lock",
				"${PODS_ROOT}/Manifest.lock",
			);
			name = "[CP] Check Pods Manifest.lock";
			outputFileListPaths = (
			);
			outputPaths = (
				"$(DERIVED_FILE_DIR)/Pods-bloomIOSUITests-checkManifestLockResult.txt",
			);
			runOnlyForDeploymentPostprocessing = 0;
			shellPath = /bin/sh;
			shellScript = "diff \"${PODS_PODFILE_DIR_PATH}/Podfile.lock\" \"${PODS_ROOT}/Manifest.lock\" > /dev/null\nif [ $? != 0 ] ; then\n    # print error to STDERR\n    echo \"error: The sandbox is not in sync with the Podfile.lock. Run 'pod install' or update your CocoaPods installation.\" >&2\n    exit 1\nfi\n# This output is used by Xcode 'outputs' to avoid re-running this script phase.\necho \"SUCCESS\" > \"${SCRIPT_OUTPUT_FILE_0}\"\n";
			showEnvVarsInLog = 0;
		};
		A09DB5771E9988029475F060 /* [CP] Check Pods Manifest.lock */ = {
			isa = PBXShellScriptBuildPhase;
			buildActionMask = 2147483647;
			files = (
			);
			inputFileListPaths = (
			);
			inputPaths = (
				"${PODS_PODFILE_DIR_PATH}/Podfile.lock",
				"${PODS_ROOT}/Manifest.lock",
			);
			name = "[CP] Check Pods Manifest.lock";
			outputFileListPaths = (
			);
			outputPaths = (
				"$(DERIVED_FILE_DIR)/Pods-bloomIOSTests-checkManifestLockResult.txt",
			);
			runOnlyForDeploymentPostprocessing = 0;
			shellPath = /bin/sh;
			shellScript = "diff \"${PODS_PODFILE_DIR_PATH}/Podfile.lock\" \"${PODS_ROOT}/Manifest.lock\" > /dev/null\nif [ $? != 0 ] ; then\n    # print error to STDERR\n    echo \"error: The sandbox is not in sync with the Podfile.lock. Run 'pod install' or update your CocoaPods installation.\" >&2\n    exit 1\nfi\n# This output is used by Xcode 'outputs' to avoid re-running this script phase.\necho \"SUCCESS\" > \"${SCRIPT_OUTPUT_FILE_0}\"\n";
			showEnvVarsInLog = 0;
		};
		A903F0BD2E3C2ABB5898D9A4 /* [CP] Embed Pods Frameworks */ = {
			isa = PBXShellScriptBuildPhase;
			buildActionMask = 2147483647;
			files = (
			);
			inputFileListPaths = (
			);
			inputPaths = (
				"${PODS_ROOT}/Target Support Files/Pods-bloomIOS/Pods-bloomIOS-frameworks.sh",
				"${BUILT_PRODUCTS_DIR}/Alamofire/Alamofire.framework",
				"${BUILT_PRODUCTS_DIR}/AlamofireImage/AlamofireImage.framework",
			);
			name = "[CP] Embed Pods Frameworks";
			outputFileListPaths = (
			);
			outputPaths = (
				"${TARGET_BUILD_DIR}/${FRAMEWORKS_FOLDER_PATH}/Alamofire.framework",
				"${TARGET_BUILD_DIR}/${FRAMEWORKS_FOLDER_PATH}/AlamofireImage.framework",
			);
			runOnlyForDeploymentPostprocessing = 0;
			shellPath = /bin/sh;
			shellScript = "\"${PODS_ROOT}/Target Support Files/Pods-bloomIOS/Pods-bloomIOS-frameworks.sh\"\n";
			showEnvVarsInLog = 0;
		};
		A9ED22914A16F7E38834C422 /* [CP] Check Pods Manifest.lock */ = {
			isa = PBXShellScriptBuildPhase;
			buildActionMask = 2147483647;
			files = (
			);
			inputFileListPaths = (
			);
			inputPaths = (
				"${PODS_PODFILE_DIR_PATH}/Podfile.lock",
				"${PODS_ROOT}/Manifest.lock",
			);
			name = "[CP] Check Pods Manifest.lock";
			outputFileListPaths = (
			);
			outputPaths = (
				"$(DERIVED_FILE_DIR)/Pods-bloomIOS-checkManifestLockResult.txt",
			);
			runOnlyForDeploymentPostprocessing = 0;
			shellPath = /bin/sh;
			shellScript = "diff \"${PODS_PODFILE_DIR_PATH}/Podfile.lock\" \"${PODS_ROOT}/Manifest.lock\" > /dev/null\nif [ $? != 0 ] ; then\n    # print error to STDERR\n    echo \"error: The sandbox is not in sync with the Podfile.lock. Run 'pod install' or update your CocoaPods installation.\" >&2\n    exit 1\nfi\n# This output is used by Xcode 'outputs' to avoid re-running this script phase.\necho \"SUCCESS\" > \"${SCRIPT_OUTPUT_FILE_0}\"\n";
			showEnvVarsInLog = 0;
		};
/* End PBXShellScriptBuildPhase section */

/* Begin PBXSourcesBuildPhase section */
		F96662A822511166008850A4 /* Sources */ = {
			isa = PBXSourcesBuildPhase;
			buildActionMask = 2147483647;
			files = (
				F96662EB225126AC008850A4 /* EventServices.swift in Sources */,
				F9AB088D2285801F00DD07ED /* AccountListViewController.swift in Sources */,
				F92C9793225675500077B7CE /* EventCollectionViewCell.swift in Sources */,
				F93BFAAA22A19C3600CD4DD1 /* PromotionalCode.swift in Sources */,
				F9AB08A92285D4EE00DD07ED /* AccountServices.swift in Sources */,
				F96662B022511166008850A4 /* AppDelegate.swift in Sources */,
				F9AB08AB2285D7B900DD07ED /* Manager.swift in Sources */,
				F953A424225F34C400713022 /* LoginViewController.swift in Sources */,
				F963D3C122802C9A001EB3B7 /* RegisterServices.swift in Sources */,
				F90ED9142271F05B00B082B9 /* TicketServices.swift in Sources */,
				F96662E3225113E4008850A4 /* AddEventViewController.swift in Sources */,
				F932EFD222D1EF4300CE1D81 /* AllEventsResumeViewController.swift in Sources */,
				F9AB08912285BC2C00DD07ED /* PersonnalInformationsViewController.swift in Sources */,
				F9E3C53522609B8C00CFBCB9 /* TicketTableViewCell.swift in Sources */,
				F9E3C53822609FB000CFBCB9 /* Ticket.swift in Sources */,
				F963D3BC2280241A001EB3B7 /* RegisterViewController.swift in Sources */,
				F963D3C322803F8A001EB3B7 /* LoginServices.swift in Sources */,
				F9E3C53122609B1600CFBCB9 /* AddTicketFormViewController.swift in Sources */,
				F96662DF22511208008850A4 /* EventViewController.swift in Sources */,
				F953A429225F3FE900713022 /* AddTicketsViewController.swift in Sources */,
				F96662EE22512F87008850A4 /* Event.swift in Sources */,
			);
			runOnlyForDeploymentPostprocessing = 0;
		};
		F96662BC22511168008850A4 /* Sources */ = {
			isa = PBXSourcesBuildPhase;
			buildActionMask = 2147483647;
			files = (
				F96662C522511168008850A4 /* bloomIOSTests.swift in Sources */,
			);
			runOnlyForDeploymentPostprocessing = 0;
		};
		F96662C722511168008850A4 /* Sources */ = {
			isa = PBXSourcesBuildPhase;
			buildActionMask = 2147483647;
			files = (
				F96662D022511168008850A4 /* bloomIOSUITests.swift in Sources */,
			);
			runOnlyForDeploymentPostprocessing = 0;
		};
/* End PBXSourcesBuildPhase section */

/* Begin PBXTargetDependency section */
		F96662C222511168008850A4 /* PBXTargetDependency */ = {
			isa = PBXTargetDependency;
			target = F96662AB22511166008850A4 /* bloomIOS */;
			targetProxy = F96662C122511168008850A4 /* PBXContainerItemProxy */;
		};
		F96662CD22511168008850A4 /* PBXTargetDependency */ = {
			isa = PBXTargetDependency;
			target = F96662AB22511166008850A4 /* bloomIOS */;
			targetProxy = F96662CC22511168008850A4 /* PBXContainerItemProxy */;
		};
/* End PBXTargetDependency section */

/* Begin PBXVariantGroup section */
		F96662B822511167008850A4 /* LaunchScreen.storyboard */ = {
			isa = PBXVariantGroup;
			children = (
				F96662B922511167008850A4 /* Base */,
			);
			name = LaunchScreen.storyboard;
			sourceTree = "<group>";
		};
/* End PBXVariantGroup section */

/* Begin XCBuildConfiguration section */
		F96662D222511168008850A4 /* Debug */ = {
			isa = XCBuildConfiguration;
			buildSettings = {
				ALWAYS_SEARCH_USER_PATHS = NO;
				CLANG_ANALYZER_NONNULL = YES;
				CLANG_ANALYZER_NUMBER_OBJECT_CONVERSION = YES_AGGRESSIVE;
				CLANG_CXX_LANGUAGE_STANDARD = "gnu++14";
				CLANG_CXX_LIBRARY = "libc++";
				CLANG_ENABLE_MODULES = YES;
				CLANG_ENABLE_OBJC_ARC = YES;
				CLANG_ENABLE_OBJC_WEAK = YES;
				CLANG_WARN_BLOCK_CAPTURE_AUTORELEASING = YES;
				CLANG_WARN_BOOL_CONVERSION = YES;
				CLANG_WARN_COMMA = YES;
				CLANG_WARN_CONSTANT_CONVERSION = YES;
				CLANG_WARN_DEPRECATED_OBJC_IMPLEMENTATIONS = YES;
				CLANG_WARN_DIRECT_OBJC_ISA_USAGE = YES_ERROR;
				CLANG_WARN_DOCUMENTATION_COMMENTS = YES;
				CLANG_WARN_EMPTY_BODY = YES;
				CLANG_WARN_ENUM_CONVERSION = YES;
				CLANG_WARN_INFINITE_RECURSION = YES;
				CLANG_WARN_INT_CONVERSION = YES;
				CLANG_WARN_NON_LITERAL_NULL_CONVERSION = YES;
				CLANG_WARN_OBJC_IMPLICIT_RETAIN_SELF = YES;
				CLANG_WARN_OBJC_LITERAL_CONVERSION = YES;
				CLANG_WARN_OBJC_ROOT_CLASS = YES_ERROR;
				CLANG_WARN_RANGE_LOOP_ANALYSIS = YES;
				CLANG_WARN_STRICT_PROTOTYPES = YES;
				CLANG_WARN_SUSPICIOUS_MOVE = YES;
				CLANG_WARN_UNGUARDED_AVAILABILITY = YES_AGGRESSIVE;
				CLANG_WARN_UNREACHABLE_CODE = YES;
				CLANG_WARN__DUPLICATE_METHOD_MATCH = YES;
				CODE_SIGN_IDENTITY = "iPhone Developer";
				COPY_PHASE_STRIP = NO;
				DEBUG_INFORMATION_FORMAT = dwarf;
				ENABLE_STRICT_OBJC_MSGSEND = YES;
				ENABLE_TESTABILITY = YES;
				GCC_C_LANGUAGE_STANDARD = gnu11;
				GCC_DYNAMIC_NO_PIC = NO;
				GCC_NO_COMMON_BLOCKS = YES;
				GCC_OPTIMIZATION_LEVEL = 0;
				GCC_PREPROCESSOR_DEFINITIONS = (
					"DEBUG=1",
					"$(inherited)",
				);
				GCC_WARN_64_TO_32_BIT_CONVERSION = YES;
				GCC_WARN_ABOUT_RETURN_TYPE = YES_ERROR;
				GCC_WARN_UNDECLARED_SELECTOR = YES;
				GCC_WARN_UNINITIALIZED_AUTOS = YES_AGGRESSIVE;
				GCC_WARN_UNUSED_FUNCTION = YES;
				GCC_WARN_UNUSED_VARIABLE = YES;
				IPHONEOS_DEPLOYMENT_TARGET = 12.1;
				MTL_ENABLE_DEBUG_INFO = INCLUDE_SOURCE;
				MTL_FAST_MATH = YES;
				ONLY_ACTIVE_ARCH = YES;
				SDKROOT = iphoneos;
				SWIFT_ACTIVE_COMPILATION_CONDITIONS = DEBUG;
				SWIFT_OPTIMIZATION_LEVEL = "-Onone";
			};
			name = Debug;
		};
		F96662D322511168008850A4 /* Release */ = {
			isa = XCBuildConfiguration;
			buildSettings = {
				ALWAYS_SEARCH_USER_PATHS = NO;
				CLANG_ANALYZER_NONNULL = YES;
				CLANG_ANALYZER_NUMBER_OBJECT_CONVERSION = YES_AGGRESSIVE;
				CLANG_CXX_LANGUAGE_STANDARD = "gnu++14";
				CLANG_CXX_LIBRARY = "libc++";
				CLANG_ENABLE_MODULES = YES;
				CLANG_ENABLE_OBJC_ARC = YES;
				CLANG_ENABLE_OBJC_WEAK = YES;
				CLANG_WARN_BLOCK_CAPTURE_AUTORELEASING = YES;
				CLANG_WARN_BOOL_CONVERSION = YES;
				CLANG_WARN_COMMA = YES;
				CLANG_WARN_CONSTANT_CONVERSION = YES;
				CLANG_WARN_DEPRECATED_OBJC_IMPLEMENTATIONS = YES;
				CLANG_WARN_DIRECT_OBJC_ISA_USAGE = YES_ERROR;
				CLANG_WARN_DOCUMENTATION_COMMENTS = YES;
				CLANG_WARN_EMPTY_BODY = YES;
				CLANG_WARN_ENUM_CONVERSION = YES;
				CLANG_WARN_INFINITE_RECURSION = YES;
				CLANG_WARN_INT_CONVERSION = YES;
				CLANG_WARN_NON_LITERAL_NULL_CONVERSION = YES;
				CLANG_WARN_OBJC_IMPLICIT_RETAIN_SELF = YES;
				CLANG_WARN_OBJC_LITERAL_CONVERSION = YES;
				CLANG_WARN_OBJC_ROOT_CLASS = YES_ERROR;
				CLANG_WARN_RANGE_LOOP_ANALYSIS = YES;
				CLANG_WARN_STRICT_PROTOTYPES = YES;
				CLANG_WARN_SUSPICIOUS_MOVE = YES;
				CLANG_WARN_UNGUARDED_AVAILABILITY = YES_AGGRESSIVE;
				CLANG_WARN_UNREACHABLE_CODE = YES;
				CLANG_WARN__DUPLICATE_METHOD_MATCH = YES;
				CODE_SIGN_IDENTITY = "iPhone Developer";
				COPY_PHASE_STRIP = NO;
				DEBUG_INFORMATION_FORMAT = "dwarf-with-dsym";
				ENABLE_NS_ASSERTIONS = NO;
				ENABLE_STRICT_OBJC_MSGSEND = YES;
				GCC_C_LANGUAGE_STANDARD = gnu11;
				GCC_NO_COMMON_BLOCKS = YES;
				GCC_WARN_64_TO_32_BIT_CONVERSION = YES;
				GCC_WARN_ABOUT_RETURN_TYPE = YES_ERROR;
				GCC_WARN_UNDECLARED_SELECTOR = YES;
				GCC_WARN_UNINITIALIZED_AUTOS = YES_AGGRESSIVE;
				GCC_WARN_UNUSED_FUNCTION = YES;
				GCC_WARN_UNUSED_VARIABLE = YES;
				IPHONEOS_DEPLOYMENT_TARGET = 12.1;
				MTL_ENABLE_DEBUG_INFO = NO;
				MTL_FAST_MATH = YES;
				SDKROOT = iphoneos;
				SWIFT_COMPILATION_MODE = wholemodule;
				SWIFT_OPTIMIZATION_LEVEL = "-O";
				VALIDATE_PRODUCT = YES;
			};
			name = Release;
		};
		F96662D522511168008850A4 /* Debug */ = {
			isa = XCBuildConfiguration;
			baseConfigurationReference = D949A88E316A3F74E226E10E /* Pods-bloomIOS.debug.xcconfig */;
			buildSettings = {
				ASSETCATALOG_COMPILER_APPICON_NAME = AppIcon;
				CODE_SIGN_STYLE = Automatic;
				INFOPLIST_FILE = bloomIOS/Info.plist;
				LD_RUNPATH_SEARCH_PATHS = (
					"$(inherited)",
					"@executable_path/Frameworks",
				);
				PRODUCT_BUNDLE_IDENTIFIER = tristan.bloomIOS;
				PRODUCT_NAME = "$(TARGET_NAME)";
				SWIFT_VERSION = 4.2;
				TARGETED_DEVICE_FAMILY = "1,2";
			};
			name = Debug;
		};
		F96662D622511168008850A4 /* Release */ = {
			isa = XCBuildConfiguration;
			baseConfigurationReference = F543821B819254DD3D384A42 /* Pods-bloomIOS.release.xcconfig */;
			buildSettings = {
				ASSETCATALOG_COMPILER_APPICON_NAME = AppIcon;
				CODE_SIGN_STYLE = Automatic;
				INFOPLIST_FILE = bloomIOS/Info.plist;
				LD_RUNPATH_SEARCH_PATHS = (
					"$(inherited)",
					"@executable_path/Frameworks",
				);
				PRODUCT_BUNDLE_IDENTIFIER = tristan.bloomIOS;
				PRODUCT_NAME = "$(TARGET_NAME)";
				SWIFT_VERSION = 4.2;
				TARGETED_DEVICE_FAMILY = "1,2";
			};
			name = Release;
		};
		F96662D822511168008850A4 /* Debug */ = {
			isa = XCBuildConfiguration;
			baseConfigurationReference = 9C85F92A11298B4B1B19FF03 /* Pods-bloomIOSTests.debug.xcconfig */;
			buildSettings = {
				ALWAYS_EMBED_SWIFT_STANDARD_LIBRARIES = YES;
				BUNDLE_LOADER = "$(TEST_HOST)";
				CODE_SIGN_STYLE = Automatic;
				INFOPLIST_FILE = bloomIOSTests/Info.plist;
				LD_RUNPATH_SEARCH_PATHS = (
					"$(inherited)",
					"@executable_path/Frameworks",
					"@loader_path/Frameworks",
				);
				PRODUCT_BUNDLE_IDENTIFIER = tristan.bloomIOSTests;
				PRODUCT_NAME = "$(TARGET_NAME)";
				SWIFT_VERSION = 4.2;
				TARGETED_DEVICE_FAMILY = "1,2";
				TEST_HOST = "$(BUILT_PRODUCTS_DIR)/bloomIOS.app/bloomIOS";
			};
			name = Debug;
		};
		F96662D922511168008850A4 /* Release */ = {
			isa = XCBuildConfiguration;
			baseConfigurationReference = 43309D01AE120CF2C48E128F /* Pods-bloomIOSTests.release.xcconfig */;
			buildSettings = {
				ALWAYS_EMBED_SWIFT_STANDARD_LIBRARIES = YES;
				BUNDLE_LOADER = "$(TEST_HOST)";
				CODE_SIGN_STYLE = Automatic;
				INFOPLIST_FILE = bloomIOSTests/Info.plist;
				LD_RUNPATH_SEARCH_PATHS = (
					"$(inherited)",
					"@executable_path/Frameworks",
					"@loader_path/Frameworks",
				);
				PRODUCT_BUNDLE_IDENTIFIER = tristan.bloomIOSTests;
				PRODUCT_NAME = "$(TARGET_NAME)";
				SWIFT_VERSION = 4.2;
				TARGETED_DEVICE_FAMILY = "1,2";
				TEST_HOST = "$(BUILT_PRODUCTS_DIR)/bloomIOS.app/bloomIOS";
			};
			name = Release;
		};
		F96662DB22511168008850A4 /* Debug */ = {
			isa = XCBuildConfiguration;
			baseConfigurationReference = 22686364C0ACC360985FC8B1 /* Pods-bloomIOSUITests.debug.xcconfig */;
			buildSettings = {
				ALWAYS_EMBED_SWIFT_STANDARD_LIBRARIES = YES;
				CODE_SIGN_STYLE = Automatic;
				INFOPLIST_FILE = bloomIOSUITests/Info.plist;
				LD_RUNPATH_SEARCH_PATHS = (
					"$(inherited)",
					"@executable_path/Frameworks",
					"@loader_path/Frameworks",
				);
				PRODUCT_BUNDLE_IDENTIFIER = tristan.bloomIOSUITests;
				PRODUCT_NAME = "$(TARGET_NAME)";
				SWIFT_VERSION = 4.2;
				TARGETED_DEVICE_FAMILY = "1,2";
				TEST_TARGET_NAME = bloomIOS;
			};
			name = Debug;
		};
		F96662DC22511168008850A4 /* Release */ = {
			isa = XCBuildConfiguration;
			baseConfigurationReference = 5651001B1370A48754BF0116 /* Pods-bloomIOSUITests.release.xcconfig */;
			buildSettings = {
				ALWAYS_EMBED_SWIFT_STANDARD_LIBRARIES = YES;
				CODE_SIGN_STYLE = Automatic;
				INFOPLIST_FILE = bloomIOSUITests/Info.plist;
				LD_RUNPATH_SEARCH_PATHS = (
					"$(inherited)",
					"@executable_path/Frameworks",
					"@loader_path/Frameworks",
				);
				PRODUCT_BUNDLE_IDENTIFIER = tristan.bloomIOSUITests;
				PRODUCT_NAME = "$(TARGET_NAME)";
				SWIFT_VERSION = 4.2;
				TARGETED_DEVICE_FAMILY = "1,2";
				TEST_TARGET_NAME = bloomIOS;
			};
			name = Release;
		};
/* End XCBuildConfiguration section */

/* Begin XCConfigurationList section */
		F96662A722511166008850A4 /* Build configuration list for PBXProject "bloomIOS" */ = {
			isa = XCConfigurationList;
			buildConfigurations = (
				F96662D222511168008850A4 /* Debug */,
				F96662D322511168008850A4 /* Release */,
			);
			defaultConfigurationIsVisible = 0;
			defaultConfigurationName = Release;
		};
		F96662D422511168008850A4 /* Build configuration list for PBXNativeTarget "bloomIOS" */ = {
			isa = XCConfigurationList;
			buildConfigurations = (
				F96662D522511168008850A4 /* Debug */,
				F96662D622511168008850A4 /* Release */,
			);
			defaultConfigurationIsVisible = 0;
			defaultConfigurationName = Release;
		};
		F96662D722511168008850A4 /* Build configuration list for PBXNativeTarget "bloomIOSTests" */ = {
			isa = XCConfigurationList;
			buildConfigurations = (
				F96662D822511168008850A4 /* Debug */,
				F96662D922511168008850A4 /* Release */,
			);
			defaultConfigurationIsVisible = 0;
			defaultConfigurationName = Release;
		};
		F96662DA22511168008850A4 /* Build configuration list for PBXNativeTarget "bloomIOSUITests" */ = {
			isa = XCConfigurationList;
			buildConfigurations = (
				F96662DB22511168008850A4 /* Debug */,
				F96662DC22511168008850A4 /* Release */,
			);
			defaultConfigurationIsVisible = 0;
			defaultConfigurationName = Release;
		};
/* End XCConfigurationList section */
	};
	rootObject = F96662A422511166008850A4 /* Project object */;
}
